
Microsoft Visual Studio Solution File, Format Version 12.00
# Visual Studio Version 16
VisualStudioVersion = 16.0.31424.327
MinimumVisualStudioVersion = 10.0.40219.1
Project("{FAE04EC0-301F-11D3-BF4B-00C04F79EFBC}") = "ChatBot.API", "ChatBot.API\ChatBot.API.csproj", "{834837F4-8638-41C7-85FB-6C1E68374F3D}"
EndProject
Project("{FAE04EC0-301F-11D3-BF4B-00C04F79EFBC}") = "ChatBot.Core", "ChatBot.Core\ChatBot.Core.csproj", "{2467D74B-203C-47F2-BA04-C3C55E1D3068}"
EndProject
Project("{FAE04EC0-301F-11D3-BF4B-00C04F79EFBC}") = "ChatBot.Infrastructure", "ChatBot.Infrastructure\ChatBot.Infrastructure.csproj", "{D52C3C54-5509-48B6-9315-02B0402F2ADA}"
EndProject
Global
	GlobalSection(SolutionConfigurationPlatforms) = preSolution
		Debug|Any CPU = Debug|Any CPU
		Release|Any CPU = Release|Any CPU
	EndGlobalSection
	GlobalSection(ProjectConfigurationPlatforms) = postSolution
		{834837F4-8638-41C7-85FB-6C1E68374F3D}.Debug|Any CPU.ActiveCfg = Debug|Any CPU
		{834837F4-8638-41C7-85FB-6C1E68374F3D}.Debug|Any CPU.Build.0 = Debug|Any CPU
		{834837F4-8638-41C7-85FB-6C1E68374F3D}.Release|Any CPU.ActiveCfg = Release|Any CPU
		{834837F4-8638-41C7-85FB-6C1E68374F3D}.Release|Any CPU.Build.0 = Release|Any CPU
		{2467D74B-203C-47F2-BA04-C3C55E1D3068}.Debug|Any CPU.ActiveCfg = Debug|Any CPU
		{2467D74B-203C-47F2-BA04-C3C55E1D3068}.Debug|Any CPU.Build.0 = Debug|Any CPU
		{2467D74B-203C-47F2-BA04-C3C55E1D3068}.Release|Any CPU.ActiveCfg = Release|Any CPU
		{2467D74B-203C-47F2-BA04-C3C55E1D3068}.Release|Any CPU.Build.0 = Release|Any CPU
		{D52C3C54-5509-48B6-9315-02B0402F2ADA}.Debug|Any CPU.ActiveCfg = Debug|Any CPU
		{D52C3C54-5509-48B6-9315-02B0402F2ADA}.Debug|Any CPU.Build.0 = Debug|Any CPU
		{D52C3C54-5509-48B6-9315-02B0402F2ADA}.Release|Any CPU.ActiveCfg = Release|Any CPU
		{D52C3C54-5509-48B6-9315-02B0402F2ADA}.Release|Any CPU.Build.0 = Release|Any CPU
	EndGlobalSection
	GlobalSection(SolutionProperties) = preSolution
		HideSolutionNode = FALSE
	EndGlobalSection
	GlobalSection(ExtensibilityGlobals) = postSolution
		SolutionGuid = {230AEFA7-9563-42D4-955D-C6DEA90619F0}
	EndGlobalSection
EndGlobal
